// !$*UTF8*$!
{
	archiveVersion = 1;
	classes = {
	};
	objectVersion = 50;
	objects = {

/* Begin PBXBuildFile section */
		EC831603260D8F7700BD7961 /* AppDelegate.swift in Sources */ = {isa = PBXBuildFile; fileRef = EC831602260D8F7700BD7961 /* AppDelegate.swift */; };
		EC831605260D8F7700BD7961 /* SceneDelegate.swift in Sources */ = {isa = PBXBuildFile; fileRef = EC831604260D8F7700BD7961 /* SceneDelegate.swift */; };
		EC831607260D8F7700BD7961 /* ViewController.swift in Sources */ = {isa = PBXBuildFile; fileRef = EC831606260D8F7700BD7961 /* ViewController.swift */; };
		EC83160A260D8F7700BD7961 /* Main.storyboard in Resources */ = {isa = PBXBuildFile; fileRef = EC831608260D8F7700BD7961 /* Main.storyboard */; };
		EC83160C260D8F7700BD7961 /* Assets.xcassets in Resources */ = {isa = PBXBuildFile; fileRef = EC83160B260D8F7700BD7961 /* Assets.xcassets */; };
		EC83160F260D8F7700BD7961 /* LaunchScreen.storyboard in Resources */ = {isa = PBXBuildFile; fileRef = EC83160D260D8F7700BD7961 /* LaunchScreen.storyboard */; };
		EC83161A260D8F7700BD7961 /* App1Tests.swift in Sources */ = {isa = PBXBuildFile; fileRef = EC831619260D8F7700BD7961 /* App1Tests.swift */; };
		EC831625260D8F7700BD7961 /* App1UITests.swift in Sources */ = {isa = PBXBuildFile; fileRef = EC831624260D8F7700BD7961 /* App1UITests.swift */; };
/* End PBXBuildFile section */

/* Begin PBXContainerItemProxy section */
		EC831616260D8F7700BD7961 /* PBXContainerItemProxy */ = {
			isa = PBXContainerItemProxy;
			containerPortal = EC8315F7260D8F7700BD7961 /* Project object */;
			proxyType = 1;
			remoteGlobalIDString = EC8315FE260D8F7700BD7961;
			remoteInfo = App1;
		};
		EC831621260D8F7700BD7961 /* PBXContainerItemProxy */ = {
			isa = PBXContainerItemProxy;
			containerPortal = EC8315F7260D8F7700BD7961 /* Project object */;
			proxyType = 1;
			remoteGlobalIDString = EC8315FE260D8F7700BD7961;
			remoteInfo = App1;
		};
/* End PBXContainerItemProxy section */

/* Begin PBXFileReference section */
		EC8315FF260D8F7700BD7961 /* App1.app */ = {isa = PBXFileReference; explicitFileType = wrapper.application; includeInIndex = 0; path = App1.app; sourceTree = BUILT_PRODUCTS_DIR; };
		EC831602260D8F7700BD7961 /* AppDelegate.swift */ = {isa = PBXFileReference; lastKnownFileType = sourcecode.swift; path = AppDelegate.swift; sourceTree = "<group>"; };
		EC831604260D8F7700BD7961 /* SceneDelegate.swift */ = {isa = PBXFileReference; lastKnownFileType = sourcecode.swift; path = SceneDelegate.swift; sourceTree = "<group>"; };
		EC831606260D8F7700BD7961 /* ViewController.swift */ = {isa = PBXFileReference; lastKnownFileType = sourcecode.swift; path = ViewController.swift; sourceTree = "<group>"; };
		EC831609260D8F7700BD7961 /* Base */ = {isa = PBXFileReference; lastKnownFileType = file.storyboard; name = Base; path = Base.lproj/Main.storyboard; sourceTree = "<group>"; };
		EC83160B260D8F7700BD7961 /* Assets.xcassets */ = {isa = PBXFileReference; lastKnownFileType = folder.assetcatalog; path = Assets.xcassets; sourceTree = "<group>"; };
		EC83160E260D8F7700BD7961 /* Base */ = {isa = PBXFileReference; lastKnownFileType = file.storyboard; name = Base; path = Base.lproj/LaunchScreen.storyboard; sourceTree = "<group>"; };
		EC831610260D8F7700BD7961 /* Info.plist */ = {isa = PBXFileReference; lastKnownFileType = text.plist.xml; path = Info.plist; sourceTree = "<group>"; };
		EC831615260D8F7700BD7961 /* App1Tests.xctest */ = {isa = PBXFileReference; explicitFileType = wrapper.cfbundle; includeInIndex = 0; path = App1Tests.xctest; sourceTree = BUILT_PRODUCTS_DIR; };
		EC831619260D8F7700BD7961 /* App1Tests.swift */ = {isa = PBXFileReference; lastKnownFileType = sourcecode.swift; path = App1Tests.swift; sourceTree = "<group>"; };
		EC83161B260D8F7700BD7961 /* Info.plist */ = {isa = PBXFileReference; lastKnownFileType = text.plist.xml; path = Info.plist; sourceTree = "<group>"; };
		EC831620260D8F7700BD7961 /* App1UITests.xctest */ = {isa = PBXFileReference; explicitFileType = wrapper.cfbundle; includeInIndex = 0; path = App1UITests.xctest; sourceTree = BUILT_PRODUCTS_DIR; };
		EC831624260D8F7700BD7961 /* App1UITests.swift */ = {isa = PBXFileReference; lastKnownFileType = sourcecode.swift; path = App1UITests.swift; sourceTree = "<group>"; };
		EC831626260D8F7700BD7961 /* Info.plist */ = {isa = PBXFileReference; lastKnownFileType = text.plist.xml; path = Info.plist; sourceTree = "<group>"; };
/* End PBXFileReference section */

/* Begin PBXFrameworksBuildPhase section */
		EC8315FC260D8F7700BD7961 /* Frameworks */ = {
			isa = PBXFrameworksBuildPhase;
			buildActionMask = 2147483647;
			files = (
			);
			runOnlyForDeploymentPostprocessing = 0;
		};
		EC831612260D8F7700BD7961 /* Frameworks */ = {
			isa = PBXFrameworksBuildPhase;
			buildActionMask = 2147483647;
			files = (
			);
			runOnlyForDeploymentPostprocessing = 0;
		};
		EC83161D260D8F7700BD7961 /* Frameworks */ = {
			isa = PBXFrameworksBuildPhase;
			buildActionMask = 2147483647;
			files = (
			);
			runOnlyForDeploymentPostprocessing = 0;
		};
/* End PBXFrameworksBuildPhase section */

/* Begin PBXGroup section */
		EC8315F6260D8F7700BD7961 = {
			isa = PBXGroup;
			children = (
				EC831601260D8F7700BD7961 /* App1 */,
				EC831618260D8F7700BD7961 /* App1Tests */,
				EC831623260D8F7700BD7961 /* App1UITests */,
				EC831600260D8F7700BD7961 /* Products */,
			);
			sourceTree = "<group>";
		};
		EC831600260D8F7700BD7961 /* Products */ = {
			isa = PBXGroup;
			children = (
				EC8315FF260D8F7700BD7961 /* App1.app */,
				EC831615260D8F7700BD7961 /* App1Tests.xctest */,
				EC831620260D8F7700BD7961 /* App1UITests.xctest */,
			);
			name = Products;
			sourceTree = "<group>";
		};
		EC831601260D8F7700BD7961 /* App1 */ = {
			isa = PBXGroup;
			children = (
				EC831602260D8F7700BD7961 /* AppDelegate.swift */,
				EC831604260D8F7700BD7961 /* SceneDelegate.swift */,
				EC831606260D8F7700BD7961 /* ViewController.swift */,
				EC831608260D8F7700BD7961 /* Main.storyboard */,
				EC83160B260D8F7700BD7961 /* Assets.xcassets */,
				EC83160D260D8F7700BD7961 /* LaunchScreen.storyboard */,
				EC831610260D8F7700BD7961 /* Info.plist */,
			);
			path = App1;
			sourceTree = "<group>";
		};
		EC831618260D8F7700BD7961 /* App1Tests */ = {
			isa = PBXGroup;
			children = (
				EC831619260D8F7700BD7961 /* App1Tests.swift */,
				EC83161B260D8F7700BD7961 /* Info.plist */,
			);
			path = App1Tests;
			sourceTree = "<group>";
		};
		EC831623260D8F7700BD7961 /* App1UITests */ = {
			isa = PBXGroup;
			children = (
				EC831624260D8F7700BD7961 /* App1UITests.swift */,
				EC831626260D8F7700BD7961 /* Info.plist */,
			);
			path = App1UITests;
			sourceTree = "<group>";
		};
/* End PBXGroup section */

/* Begin PBXNativeTarget section */
		EC8315FE260D8F7700BD7961 /* App1 */ = {
			isa = PBXNativeTarget;
			buildConfigurationList = EC831629260D8F7700BD7961 /* Build configuration list for PBXNativeTarget "App1" */;
			buildPhases = (
				EC8315FB260D8F7700BD7961 /* Sources */,
				EC8315FC260D8F7700BD7961 /* Frameworks */,
				EC8315FD260D8F7700BD7961 /* Resources */,
			);
			buildRules = (
			);
			dependencies = (
			);
			name = App1;
			productName = App1;
			productReference = EC8315FF260D8F7700BD7961 /* App1.app */;
			productType = "com.apple.product-type.application";
		};
		EC831614260D8F7700BD7961 /* App1Tests */ = {
			isa = PBXNativeTarget;
			buildConfigurationList = EC83162C260D8F7700BD7961 /* Build configuration list for PBXNativeTarget "App1Tests" */;
			buildPhases = (
				EC831611260D8F7700BD7961 /* Sources */,
				EC831612260D8F7700BD7961 /* Frameworks */,
				EC831613260D8F7700BD7961 /* Resources */,
			);
			buildRules = (
			);
			dependencies = (
				EC831617260D8F7700BD7961 /* PBXTargetDependency */,
			);
			name = App1Tests;
			productName = App1Tests;
			productReference = EC831615260D8F7700BD7961 /* App1Tests.xctest */;
			productType = "com.apple.product-type.bundle.unit-test";
		};
		EC83161F260D8F7700BD7961 /* App1UITests */ = {
			isa = PBXNativeTarget;
			buildConfigurationList = EC83162F260D8F7700BD7961 /* Build configuration list for PBXNativeTarget "App1UITests" */;
			buildPhases = (
				EC83161C260D8F7700BD7961 /* Sources */,
				EC83161D260D8F7700BD7961 /* Frameworks */,
				EC83161E260D8F7700BD7961 /* Resources */,
			);
			buildRules = (
			);
			dependencies = (
				EC831622260D8F7700BD7961 /* PBXTargetDependency */,
			);
			name = App1UITests;
			productName = App1UITests;
			productReference = EC831620260D8F7700BD7961 /* App1UITests.xctest */;
			productType = "com.apple.product-type.bundle.ui-testing";
		};
/* End PBXNativeTarget section */

/* Begin PBXProject section */
		EC8315F7260D8F7700BD7961 /* Project object */ = {
			isa = PBXProject;
			attributes = {
				LastSwiftUpdateCheck = 1240;
				LastUpgradeCheck = 1240;
				TargetAttributes = {
					EC8315FE260D8F7700BD7961 = {
						CreatedOnToolsVersion = 12.4;
					};
					EC831614260D8F7700BD7961 = {
						CreatedOnToolsVersion = 12.4;
						TestTargetID = EC8315FE260D8F7700BD7961;
					};
					EC83161F260D8F7700BD7961 = {
						CreatedOnToolsVersion = 12.4;
						TestTargetID = EC8315FE260D8F7700BD7961;
					};
				};
			};
			buildConfigurationList = EC8315FA260D8F7700BD7961 /* Build configuration list for PBXProject "App1" */;
			compatibilityVersion = "Xcode 9.3";
			developmentRegion = en;
			hasScannedForEncodings = 0;
			knownRegions = (
				en,
				Base,
			);
			mainGroup = EC8315F6260D8F7700BD7961;
			productRefGroup = EC831600260D8F7700BD7961 /* Products */;
			projectDirPath = "";
			projectRoot = "";
			targets = (
				EC8315FE260D8F7700BD7961 /* App1 */,
				EC831614260D8F7700BD7961 /* App1Tests */,
				EC83161F260D8F7700BD7961 /* App1UITests */,
			);
		};
/* End PBXProject section */

/* Begin PBXResourcesBuildPhase section */
		EC8315FD260D8F7700BD7961 /* Resources */ = {
			isa = PBXResourcesBuildPhase;
			buildActionMask = 2147483647;
			files = (
				EC83160F260D8F7700BD7961 /* LaunchScreen.storyboard in Resources */,
				EC83160C260D8F7700BD7961 /* Assets.xcassets in Resources */,
				EC83160A260D8F7700BD7961 /* Main.storyboard in Resources */,
			);
			runOnlyForDeploymentPostprocessing = 0;
		};
		EC831613260D8F7700BD7961 /* Resources */ = {
			isa = PBXResourcesBuildPhase;
			buildActionMask = 2147483647;
			files = (
			);
			runOnlyForDeploymentPostprocessing = 0;
		};
		EC83161E260D8F7700BD7961 /* Resources */ = {
			isa = PBXResourcesBuildPhase;
			buildActionMask = 2147483647;
			files = (
			);
			runOnlyForDeploymentPostprocessing = 0;
		};
/* End PBXResourcesBuildPhase section */

/* Begin PBXSourcesBuildPhase section */
		EC8315FB260D8F7700BD7961 /* Sources */ = {
			isa = PBXSourcesBuildPhase;
			buildActionMask = 2147483647;
			files = (
				EC831607260D8F7700BD7961 /* ViewController.swift in Sources */,
				EC831603260D8F7700BD7961 /* AppDelegate.swift in Sources */,
				EC831605260D8F7700BD7961 /* SceneDelegate.swift in Sources */,
			);
			runOnlyForDeploymentPostprocessing = 0;
		};
		EC831611260D8F7700BD7961 /* Sources */ = {
			isa = PBXSourcesBuildPhase;
			buildActionMask = 2147483647;
			files = (
				EC83161A260D8F7700BD7961 /* App1Tests.swift in Sources */,
			);
			runOnlyForDeploymentPostprocessing = 0;
		};
		EC83161C260D8F7700BD7961 /* Sources */ = {
			isa = PBXSourcesBuildPhase;
			buildActionMask = 2147483647;
			files = (
				EC831625260D8F7700BD7961 /* App1UITests.swift in Sources */,
			);
			runOnlyForDeploymentPostprocessing = 0;
		};
/* End PBXSourcesBuildPhase section */

/* Begin PBXTargetDependency section */
		EC831617260D8F7700BD7961 /* PBXTargetDependency */ = {
			isa = PBXTargetDependency;
			target = EC8315FE260D8F7700BD7961 /* App1 */;
			targetProxy = EC831616260D8F7700BD7961 /* PBXContainerItemProxy */;
		};
		EC831622260D8F7700BD7961 /* PBXTargetDependency */ = {
			isa = PBXTargetDependency;
			target = EC8315FE260D8F7700BD7961 /* App1 */;
			targetProxy = EC831621260D8F7700BD7961 /* PBXContainerItemProxy */;
		};
/* End PBXTargetDependency section */

/* Begin PBXVariantGroup section */
		EC831608260D8F7700BD7961 /* Main.storyboard */ = {
			isa = PBXVariantGroup;
			children = (
				EC831609260D8F7700BD7961 /* Base */,
			);
			name = Main.storyboard;
			sourceTree = "<group>";
		};
		EC83160D260D8F7700BD7961 /* LaunchScreen.storyboard */ = {
			isa = PBXVariantGroup;
			children = (
				EC83160E260D8F7700BD7961 /* Base */,
			);
			name = LaunchScreen.storyboard;
			sourceTree = "<group>";
		};
/* End PBXVariantGroup section */

/* Begin XCBuildConfiguration section */
		EC831627260D8F7700BD7961 /* Debug */ = {
			isa = XCBuildConfiguration;
			buildSettings = {
				ALWAYS_SEARCH_USER_PATHS = NO;
				CLANG_ANALYZER_NONNULL = YES;
				CLANG_ANALYZER_NUMBER_OBJECT_CONVERSION = YES_AGGRESSIVE;
				CLANG_CXX_LANGUAGE_STANDARD = "gnu++14";
				CLANG_CXX_LIBRARY = "libc++";
				CLANG_ENABLE_MODULES = YES;
				CLANG_ENABLE_OBJC_ARC = YES;
				CLANG_ENABLE_OBJC_WEAK = YES;
				CLANG_WARN_BLOCK_CAPTURE_AUTORELEASING = YES;
				CLANG_WARN_BOOL_CONVERSION = YES;
				CLANG_WARN_COMMA = YES;
				CLANG_WARN_CONSTANT_CONVERSION = YES;
				CLANG_WARN_DEPRECATED_OBJC_IMPLEMENTATIONS = YES;
				CLANG_WARN_DIRECT_OBJC_ISA_USAGE = YES_ERROR;
				CLANG_WARN_DOCUMENTATION_COMMENTS = YES;
				CLANG_WARN_EMPTY_BODY = YES;
				CLANG_WARN_ENUM_CONVERSION = YES;
				CLANG_WARN_INFINITE_RECURSION = YES;
				CLANG_WARN_INT_CONVERSION = YES;
				CLANG_WARN_NON_LITERAL_NULL_CONVERSION = YES;
				CLANG_WARN_OBJC_IMPLICIT_RETAIN_SELF = YES;
				CLANG_WARN_OBJC_LITERAL_CONVERSION = YES;
				CLANG_WARN_OBJC_ROOT_CLASS = YES_ERROR;
				CLANG_WARN_QUOTED_INCLUDE_IN_FRAMEWORK_HEADER = YES;
				CLANG_WARN_RANGE_LOOP_ANALYSIS = YES;
				CLANG_WARN_STRICT_PROTOTYPES = YES;
				CLANG_WARN_SUSPICIOUS_MOVE = YES;
				CLANG_WARN_UNGUARDED_AVAILABILITY = YES_AGGRESSIVE;
				CLANG_WARN_UNREACHABLE_CODE = YES;
				CLANG_WARN__DUPLICATE_METHOD_MATCH = YES;
				COPY_PHASE_STRIP = NO;
				DEBUG_INFORMATION_FORMAT = dwarf;
				ENABLE_STRICT_OBJC_MSGSEND = YES;
				ENABLE_TESTABILITY = YES;
				GCC_C_LANGUAGE_STANDARD = gnu11;
				GCC_DYNAMIC_NO_PIC = NO;
				GCC_NO_COMMON_BLOCKS = YES;
				GCC_OPTIMIZATION_LEVEL = 0;
				GCC_PREPROCESSOR_DEFINITIONS = (
					"DEBUG=1",
					"$(inherited)",
				);
				GCC_WARN_64_TO_32_BIT_CONVERSION = YES;
				GCC_WARN_ABOUT_RETURN_TYPE = YES_ERROR;
				GCC_WARN_UNDECLARED_SELECTOR = YES;
				GCC_WARN_UNINITIALIZED_AUTOS = YES_AGGRESSIVE;
				GCC_WARN_UNUSED_FUNCTION = YES;
				GCC_WARN_UNUSED_VARIABLE = YES;
				IPHONEOS_DEPLOYMENT_TARGET = 14.4;
				MTL_ENABLE_DEBUG_INFO = INCLUDE_SOURCE;
				MTL_FAST_MATH = YES;
				ONLY_ACTIVE_ARCH = YES;
				SDKROOT = iphoneos;
				SWIFT_ACTIVE_COMPILATION_CONDITIONS = DEBUG;
				SWIFT_OPTIMIZATION_LEVEL = "-Onone";
			};
			name = Debug;
		};
		EC831628260D8F7700BD7961 /* Release */ = {
			isa = XCBuildConfiguration;
			buildSettings = {
				ALWAYS_SEARCH_USER_PATHS = NO;
				CLANG_ANALYZER_NONNULL = YES;
				CLANG_ANALYZER_NUMBER_OBJECT_CONVERSION = YES_AGGRESSIVE;
				CLANG_CXX_LANGUAGE_STANDARD = "gnu++14";
				CLANG_CXX_LIBRARY = "libc++";
				CLANG_ENABLE_MODULES = YES;
				CLANG_ENABLE_OBJC_ARC = YES;
				CLANG_ENABLE_OBJC_WEAK = YES;
				CLANG_WARN_BLOCK_CAPTURE_AUTORELEASING = YES;
				CLANG_WARN_BOOL_CONVERSION = YES;
				CLANG_WARN_COMMA = YES;
				CLANG_WARN_CONSTANT_CONVERSION = YES;
				CLANG_WARN_DEPRECATED_OBJC_IMPLEMENTATIONS = YES;
				CLANG_WARN_DIRECT_OBJC_ISA_USAGE = YES_ERROR;
				CLANG_WARN_DOCUMENTATION_COMMENTS = YES;
				CLANG_WARN_EMPTY_BODY = YES;
				CLANG_WARN_ENUM_CONVERSION = YES;
				CLANG_WARN_INFINITE_RECURSION = YES;
				CLANG_WARN_INT_CONVERSION = YES;
				CLANG_WARN_NON_LITERAL_NULL_CONVERSION = YES;
				CLANG_WARN_OBJC_IMPLICIT_RETAIN_SELF = YES;
				CLANG_WARN_OBJC_LITERAL_CONVERSION = YES;
				CLANG_WARN_OBJC_ROOT_CLASS = YES_ERROR;
				CLANG_WARN_QUOTED_INCLUDE_IN_FRAMEWORK_HEADER = YES;
				CLANG_WARN_RANGE_LOOP_ANALYSIS = YES;
				CLANG_WARN_STRICT_PROTOTYPES = YES;
				CLANG_WARN_SUSPICIOUS_MOVE = YES;
				CLANG_WARN_UNGUARDED_AVAILABILITY = YES_AGGRESSIVE;
				CLANG_WARN_UNREACHABLE_CODE = YES;
				CLANG_WARN__DUPLICATE_METHOD_MATCH = YES;
				COPY_PHASE_STRIP = NO;
				DEBUG_INFORMATION_FORMAT = "dwarf-with-dsym";
				ENABLE_NS_ASSERTIONS = NO;
				ENABLE_STRICT_OBJC_MSGSEND = YES;
				GCC_C_LANGUAGE_STANDARD = gnu11;
				GCC_NO_COMMON_BLOCKS = YES;
				GCC_WARN_64_TO_32_BIT_CONVERSION = YES;
				GCC_WARN_ABOUT_RETURN_TYPE = YES_ERROR;
				GCC_WARN_UNDECLARED_SELECTOR = YES;
				GCC_WARN_UNINITIALIZED_AUTOS = YES_AGGRESSIVE;
				GCC_WARN_UNUSED_FUNCTION = YES;
				GCC_WARN_UNUSED_VARIABLE = YES;
				IPHONEOS_DEPLOYMENT_TARGET = 14.4;
				MTL_ENABLE_DEBUG_INFO = NO;
				MTL_FAST_MATH = YES;
				SDKROOT = iphoneos;
				SWIFT_COMPILATION_MODE = wholemodule;
				SWIFT_OPTIMIZATION_LEVEL = "-O";
				VALIDATE_PRODUCT = YES;
			};
			name = Release;
		};
		EC83162A260D8F7700BD7961 /* Debug */ = {
			isa = XCBuildConfiguration;
			buildSettings = {
				ASSETCATALOG_COMPILER_APPICON_NAME = AppIcon;
				ASSETCATALOG_COMPILER_GLOBAL_ACCENT_COLOR_NAME = AccentColor;
				CODE_SIGN_STYLE = Automatic;
				INFOPLIST_FILE = App1/Info.plist;
				LD_RUNPATH_SEARCH_PATHS = (
					"$(inherited)",
					"@executable_path/Frameworks",
				);
				PRODUCT_BUNDLE_IDENTIFIER = me.App1;
				PRODUCT_NAME = "$(TARGET_NAME)";
				SWIFT_VERSION = 5.0;
				TARGETED_DEVICE_FAMILY = "1,2";
			};
			name = Debug;
		};
		EC83162B260D8F7700BD7961 /* Release */ = {
			isa = XCBuildConfiguration;
			buildSettings = {
				ASSETCATALOG_COMPILER_APPICON_NAME = AppIcon;
				ASSETCATALOG_COMPILER_GLOBAL_ACCENT_COLOR_NAME = AccentColor;
				CODE_SIGN_STYLE = Automatic;
				INFOPLIST_FILE = App1/Info.plist;
				LD_RUNPATH_SEARCH_PATHS = (
					"$(inherited)",
					"@executable_path/Frameworks",
				);
				PRODUCT_BUNDLE_IDENTIFIER = me.App1;
				PRODUCT_NAME = "$(TARGET_NAME)";
				SWIFT_VERSION = 5.0;
				TARGETED_DEVICE_FAMILY = "1,2";
			};
			name = Release;
		};
		EC83162D260D8F7700BD7961 /* Debug */ = {
			isa = XCBuildConfiguration;
			buildSettings = {
				ALWAYS_EMBED_SWIFT_STANDARD_LIBRARIES = YES;
				BUNDLE_LOADER = "$(TEST_HOST)";
				CODE_SIGN_STYLE = Automatic;
				INFOPLIST_FILE = App1Tests/Info.plist;
				IPHONEOS_DEPLOYMENT_TARGET = 14.4;
				LD_RUNPATH_SEARCH_PATHS = (
					"$(inherited)",
					"@executable_path/Frameworks",
					"@loader_path/Frameworks",
				);
				PRODUCT_BUNDLE_IDENTIFIER = me.App1Tests;
				PRODUCT_NAME = "$(TARGET_NAME)";
				SWIFT_VERSION = 5.0;
				TARGETED_DEVICE_FAMILY = "1,2";
				TEST_HOST = "$(BUILT_PRODUCTS_DIR)/App1.app/App1";
			};
			name = Debug;
		};
		EC83162E260D8F7700BD7961 /* Release */ = {
			isa = XCBuildConfiguration;
			buildSettings = {
				ALWAYS_EMBED_SWIFT_STANDARD_LIBRARIES = YES;
				BUNDLE_LOADER = "$(TEST_HOST)";
				CODE_SIGN_STYLE = Automatic;
				INFOPLIST_FILE = App1Tests/Info.plist;
				IPHONEOS_DEPLOYMENT_TARGET = 14.4;
				LD_RUNPATH_SEARCH_PATHS = (
					"$(inherited)",
					"@executable_path/Frameworks",
					"@loader_path/Frameworks",
				);
				PRODUCT_BUNDLE_IDENTIFIER = me.App1Tests;
				PRODUCT_NAME = "$(TARGET_NAME)";
				SWIFT_VERSION = 5.0;
				TARGETED_DEVICE_FAMILY = "1,2";
				TEST_HOST = "$(BUILT_PRODUCTS_DIR)/App1.app/App1";
			};
			name = Release;
		};
		EC831630260D8F7700BD7961 /* Debug */ = {
			isa = XCBuildConfiguration;
			buildSettings = {
				ALWAYS_EMBED_SWIFT_STANDARD_LIBRARIES = YES;
				CODE_SIGN_STYLE = Automatic;
				INFOPLIST_FILE = App1UITests/Info.plist;
				LD_RUNPATH_SEARCH_PATHS = (
					"$(inherited)",
					"@executable_path/Frameworks",
					"@loader_path/Frameworks",
				);
				PRODUCT_BUNDLE_IDENTIFIER = me.App1UITests;
				PRODUCT_NAME = "$(TARGET_NAME)";
				SWIFT_VERSION = 5.0;
				TARGETED_DEVICE_FAMILY = "1,2";
				TEST_TARGET_NAME = App1;
			};
			name = Debug;
		};
		EC831631260D8F7700BD7961 /* Release */ = {
			isa = XCBuildConfiguration;
			buildSettings = {
				ALWAYS_EMBED_SWIFT_STANDARD_LIBRARIES = YES;
				CODE_SIGN_STYLE = Automatic;
				INFOPLIST_FILE = App1UITests/Info.plist;
				LD_RUNPATH_SEARCH_PATHS = (
					"$(inherited)",
					"@executable_path/Frameworks",
					"@loader_path/Frameworks",
				);
				PRODUCT_BUNDLE_IDENTIFIER = me.App1UITests;
				PRODUCT_NAME = "$(TARGET_NAME)";
				SWIFT_VERSION = 5.0;
				TARGETED_DEVICE_FAMILY = "1,2";
				TEST_TARGET_NAME = App1;
			};
			name = Release;
		};
/* End XCBuildConfiguration section */

/* Begin XCConfigurationList section */
		EC8315FA260D8F7700BD7961 /* Build configuration list for PBXProject "App1" */ = {
			isa = XCConfigurationList;
			buildConfigurations = (
				EC831627260D8F7700BD7961 /* Debug */,
				EC831628260D8F7700BD7961 /* Release */,
			);
			defaultConfigurationIsVisible = 0;
			defaultConfigurationName = Release;
		};
		EC831629260D8F7700BD7961 /* Build configuration list for PBXNativeTarget "App1" */ = {
			isa = XCConfigurationList;
			buildConfigurations = (
				EC83162A260D8F7700BD7961 /* Debug */,
				EC83162B260D8F7700BD7961 /* Release */,
			);
			defaultConfigurationIsVisible = 0;
			defaultConfigurationName = Release;
		};
		EC83162C260D8F7700BD7961 /* Build configuration list for PBXNativeTarget "App1Tests" */ = {
			isa = XCConfigurationList;
			buildConfigurations = (
				EC83162D260D8F7700BD7961 /* Debug */,
				EC83162E260D8F7700BD7961 /* Release */,
			);
			defaultConfigurationIsVisible = 0;
			defaultConfigurationName = Release;
		};
		EC83162F260D8F7700BD7961 /* Build configuration list for PBXNativeTarget "App1UITests" */ = {
			isa = XCConfigurationList;
			buildConfigurations = (
				EC831630260D8F7700BD7961 /* Debug */,
				EC831631260D8F7700BD7961 /* Release */,
			);
			defaultConfigurationIsVisible = 0;
			defaultConfigurationName = Release;
		};
/* End XCConfigurationList section */
	};
	rootObject = EC8315F7260D8F7700BD7961 /* Project object */;
}
